<?xml version="1.0" encoding="UTF-8"?>
<Scheme
   LastUpgradeVersion = "0810"
   version = "1.3">
   <BuildAction
      parallelizeBuildables = "YES"
      buildImplicitDependencies = "YES">
      <BuildActionEntries>
         <BuildActionEntry
            buildForTesting = "YES"
            buildForRunning = "YES"
            buildForProfiling = "YES"
            buildForArchiving = "YES"
            buildForAnalyzing = "YES">
            <BuildableReference
               BuildableIdentifier = "primary"
               BlueprintIdentifier = "556D39751DD3AEA400551040"
               BuildableName = "VariantBenchmarkingTools"
               BlueprintName = "VCFComparison"
               ReferencedContainer = "container:VariantBenchmarkingTools.xcodeproj">
            </BuildableReference>
         </BuildActionEntry>
      </BuildActionEntries>
   </BuildAction>
   <TestAction
      buildConfiguration = "Debug"
      selectedDebuggerIdentifier = "Xcode.DebuggerFoundation.Debugger.LLDB"
      selectedLauncherIdentifier = "Xcode.DebuggerFoundation.Launcher.LLDB"
      shouldUseLaunchSchemeArgsEnv = "YES">
      <Testables>
      </Testables>
      <MacroExpansion>
         <BuildableReference
            BuildableIdentifier = "primary"
            BlueprintIdentifier = "556D39751DD3AEA400551040"
            BuildableName = "VariantBenchmarkingTools"
            BlueprintName = "VCFComparison"
            ReferencedContainer = "container:VariantBenchmarkingTools.xcodeproj">
         </BuildableReference>
      </MacroExpansion>
      <AdditionalOptions>
      </AdditionalOptions>
   </TestAction>
   <LaunchAction
      buildConfiguration = "Debug"
      selectedDebuggerIdentifier = "Xcode.DebuggerFoundation.Debugger.LLDB"
      selectedLauncherIdentifier = "Xcode.DebuggerFoundation.Launcher.LLDB"
      launchStyle = "0"
      useCustomWorkingDirectory = "NO"
      ignoresPersistentStateOnLaunch = "NO"
      debugDocumentVersioning = "YES"
      debugServiceExtension = "internal"
      allowLocationSimulation = "YES">
      <BuildableProductRunnable
         runnableDebuggingMode = "0">
         <BuildableReference
            BuildableIdentifier = "primary"
            BlueprintIdentifier = "556D39751DD3AEA400551040"
            BuildableName = "VariantBenchmarkingTools"
            BlueprintName = "VCFComparison"
            ReferencedContainer = "container:VariantBenchmarkingTools.xcodeproj">
         </BuildableReference>
      </BuildableProductRunnable>
      <CommandLineArguments>
         <CommandLineArgument
            argument = "mendelian"
            isEnabled = "YES">
         </CommandLineArgument>
         <CommandLineArgument
            argument = "varcomp"
            isEnabled = "NO">
         </CommandLineArgument>
         <CommandLineArgument
            argument = "-father"
            isEnabled = "YES">
         </CommandLineArgument>
         <CommandLineArgument
            argument = "/Users/c1ms21p6h3qk/Desktop/CEU_FreeBayes_Normalized_VBT/CEU_BWA_FreeBayes_Normalized.merged.vcf"
            isEnabled = "YES">
         </CommandLineArgument>
         <CommandLineArgument
            argument = "-child"
            isEnabled = "YES">
         </CommandLineArgument>
         <CommandLineArgument
            argument = "/Users/c1ms21p6h3qk/Desktop/CEU_FreeBayes_Normalized_VBT/CEU_BWA_FreeBayes_Normalized.merged.vcf"
            isEnabled = "YES">
         </CommandLineArgument>
         <CommandLineArgument
            argument = "-mother"
            isEnabled = "YES">
         </CommandLineArgument>
         <CommandLineArgument
            argument = "/Users/c1ms21p6h3qk/Desktop/CEU_FreeBayes_Normalized_VBT/CEU_BWA_FreeBayes_Normalized.merged.vcf"
            isEnabled = "YES">
         </CommandLineArgument>
         <CommandLineArgument
            argument = "-outDir"
            isEnabled = "YES">
         </CommandLineArgument>
         <CommandLineArgument
            argument = "/Users/c1ms21p6h3qk/Desktop/CEU_FreeBayes_Normalized_VBT"
            isEnabled = "YES">
         </CommandLineArgument>
         <CommandLineArgument
            argument = "-filter"
            isEnabled = "YES">
         </CommandLineArgument>
         <CommandLineArgument
            argument = "none"
            isEnabled = "YES">
         </CommandLineArgument>
         <CommandLineArgument
            argument = "-ref"
            isEnabled = "YES">
         </CommandLineArgument>
         <CommandLineArgument
            argument = "/Users/c1ms21p6h3qk/Desktop/MendelianInput/human_g1k_v37_decoy.fasta"
            isEnabled = "YES">
         </CommandLineArgument>
         <CommandLineArgument
            argument = "-pedigree"
            isEnabled = "YES">
         </CommandLineArgument>
         <CommandLineArgument
            argument = "/Users/c1ms21p6h3qk/Desktop/CEU_PED_Input/CEUTrio_graphs.ped"
            isEnabled = "YES">
         </CommandLineArgument>
         <CommandLineArgument
            argument = "--ref-overlap"
            isEnabled = "YES">
         </CommandLineArgument>
         <CommandLineArgument
            argument = "-base"
            isEnabled = "NO">
         </CommandLineArgument>
         <CommandLineArgument
            argument = "/Users/c1ms21p6h3qk/Desktop/VBT_Test/MendelianTest5/FreeBayes_Normalized_NA12891DUP.vcf"
            isEnabled = "NO">
         </CommandLineArgument>
         <CommandLineArgument
            argument = "-called"
            isEnabled = "NO">
         </CommandLineArgument>
         <CommandLineArgument
            argument = "/Users/c1ms21p6h3qk/Desktop/VBT_Test/MendelianTest5/FreeBayes_Normalized_NA12878DUP.vcf"
            isEnabled = "NO">
         </CommandLineArgument>
         <CommandLineArgument
            argument = "--allele-match"
            isEnabled = "NO">
         </CommandLineArgument>
         <CommandLineArgument
            argument = "--autosome-only"
            isEnabled = "YES">
         </CommandLineArgument>
         <CommandLineArgument
            argument = "-bed"
            isEnabled = "NO">
         </CommandLineArgument>
         <CommandLineArgument
            argument = "/Users/c1ms21p6h3qk/Desktop/VBT_Test/MendelianTest6/chr1.bed"
            isEnabled = "NO">
         </CommandLineArgument>
         <CommandLineArgument
            argument = "-out-prefix"
            isEnabled = "YES">
         </CommandLineArgument>
         <CommandLineArgument
            argument = "VBT_FreeBayes_Normalized"
            isEnabled = "YES">
         </CommandLineArgument>
      </CommandLineArguments>
      <AdditionalOptions>
      </AdditionalOptions>
   </LaunchAction>
   <ProfileAction
      buildConfiguration = "Release"
      shouldUseLaunchSchemeArgsEnv = "YES"
      savedToolIdentifier = ""
      useCustomWorkingDirectory = "NO"
      debugDocumentVersioning = "YES">
      <BuildableProductRunnable
         runnableDebuggingMode = "0">
         <BuildableReference
            BuildableIdentifier = "primary"
            BlueprintIdentifier = "556D39751DD3AEA400551040"
            BuildableName = "VariantBenchmarkingTools"
            BlueprintName = "VCFComparison"
            ReferencedContainer = "container:VariantBenchmarkingTools.xcodeproj">
         </BuildableReference>
      </BuildableProductRunnable>
   </ProfileAction>
   <AnalyzeAction
      buildConfiguration = "Debug">
   </AnalyzeAction>
   <ArchiveAction
      buildConfiguration = "Release"
      revealArchiveInOrganizer = "YES">
   </ArchiveAction>
</Scheme>
