<?xml version="1.0" encoding="UTF-8"?>
<Scheme
   LastUpgradeVersion = "0810"
   version = "1.3">
   <BuildAction
      parallelizeBuildables = "YES"
      buildImplicitDependencies = "YES">
      <BuildActionEntries>
         <BuildActionEntry
            buildForTesting = "YES"
            buildForRunning = "YES"
            buildForProfiling = "YES"
            buildForArchiving = "YES"
            buildForAnalyzing = "YES">
            <BuildableReference
               BuildableIdentifier = "primary"
               BlueprintIdentifier = "556D39751DD3AEA400551040"
               BuildableName = "VariantBenchmarkingTools"
               BlueprintName = "VCFComparison"
               ReferencedContainer = "container:VariantBenchmarkingTools.xcodeproj">
            </BuildableReference>
         </BuildActionEntry>
      </BuildActionEntries>
   </BuildAction>
   <TestAction
      buildConfiguration = "Debug"
      selectedDebuggerIdentifier = "Xcode.DebuggerFoundation.Debugger.LLDB"
      selectedLauncherIdentifier = "Xcode.DebuggerFoundation.Launcher.LLDB"
      shouldUseLaunchSchemeArgsEnv = "YES">
      <Testables>
      </Testables>
      <MacroExpansion>
         <BuildableReference
            BuildableIdentifier = "primary"
            BlueprintIdentifier = "556D39751DD3AEA400551040"
            BuildableName = "VariantBenchmarkingTools"
            BlueprintName = "VCFComparison"
            ReferencedContainer = "container:VariantBenchmarkingTools.xcodeproj">
         </BuildableReference>
      </MacroExpansion>
      <AdditionalOptions>
      </AdditionalOptions>
   </TestAction>
   <LaunchAction
      buildConfiguration = "Debug"
      selectedDebuggerIdentifier = "Xcode.DebuggerFoundation.Debugger.LLDB"
      selectedLauncherIdentifier = "Xcode.DebuggerFoundation.Launcher.LLDB"
      launchStyle = "0"
      useCustomWorkingDirectory = "NO"
      ignoresPersistentStateOnLaunch = "NO"
      debugDocumentVersioning = "YES"
      stopOnEveryThreadSanitizerIssue = "YES"
      debugServiceExtension = "internal"
      allowLocationSimulation = "YES">
      <BuildableProductRunnable
         runnableDebuggingMode = "0">
         <BuildableReference
            BuildableIdentifier = "primary"
            BlueprintIdentifier = "556D39751DD3AEA400551040"
            BuildableName = "VariantBenchmarkingTools"
            BlueprintName = "VCFComparison"
            ReferencedContainer = "container:VariantBenchmarkingTools.xcodeproj">
         </BuildableReference>
      </BuildableProductRunnable>
      <CommandLineArguments>
         <CommandLineArgument
            argument = "mendelian"
            isEnabled = "NO">
         </CommandLineArgument>
         <CommandLineArgument
            argument = "varcomp"
            isEnabled = "YES">
         </CommandLineArgument>
         <CommandLineArgument
            argument = "graphcomp"
            isEnabled = "NO">
         </CommandLineArgument>
         <CommandLineArgument
            argument = "-father"
            isEnabled = "NO">
         </CommandLineArgument>
         <CommandLineArgument
            argument = "/Users/c1ms21p6h3qk/Desktop/VBT_Test/VBTValidationToolTest/HC_Joint_LBLAnnotated.vcf"
            isEnabled = "NO">
         </CommandLineArgument>
         <CommandLineArgument
            argument = "-child"
            isEnabled = "NO">
         </CommandLineArgument>
         <CommandLineArgument
            argument = "/Users/c1ms21p6h3qk/Desktop/VBT_Test/VBTValidationToolTest/HC_Joint_LBLAnnotated.vcf"
            isEnabled = "NO">
         </CommandLineArgument>
         <CommandLineArgument
            argument = "-mother"
            isEnabled = "NO">
         </CommandLineArgument>
         <CommandLineArgument
            argument = "/Users/c1ms21p6h3qk/Desktop/VBT_Test/VBTValidationToolTest/HC_Joint_LBLAnnotated.vcf"
            isEnabled = "NO">
         </CommandLineArgument>
         <CommandLineArgument
            argument = "-outDir"
            isEnabled = "YES">
         </CommandLineArgument>
         <CommandLineArgument
            argument = "/Users/c1ms21p6h3qk/Desktop/VBT_Test/JohnComparison/wholeGenHG001_SBGvsHC_default_maxpath"
            isEnabled = "YES">
         </CommandLineArgument>
         <CommandLineArgument
            argument = "/Users/c1ms21p6h3qk/Desktop/VBT_Test/MendelianTest9"
            isEnabled = "NO">
         </CommandLineArgument>
         <CommandLineArgument
            argument = "-filter"
            isEnabled = "YES">
         </CommandLineArgument>
         <CommandLineArgument
            argument = "none"
            isEnabled = "YES">
         </CommandLineArgument>
         <CommandLineArgument
            argument = "-ref"
            isEnabled = "YES">
         </CommandLineArgument>
         <CommandLineArgument
            argument = "/Users/c1ms21p6h3qk/Desktop/MendelianInput/human_g1k_v37_decoy.fasta"
            isEnabled = "YES">
         </CommandLineArgument>
         <CommandLineArgument
            argument = "-pedigree"
            isEnabled = "NO">
         </CommandLineArgument>
         <CommandLineArgument
            argument = "/Users/c1ms21p6h3qk/Desktop/VBT_Test/MendelianTest7/ceu.ped"
            isEnabled = "NO">
         </CommandLineArgument>
         <CommandLineArgument
            argument = "--ref-overlap"
            isEnabled = "YES">
         </CommandLineArgument>
         <CommandLineArgument
            argument = "-base"
            isEnabled = "YES">
         </CommandLineArgument>
         <CommandLineArgument
            argument = "/Users/c1ms21p6h3qk/Desktop/VBT_Test/JohnComparison/GIAB_HG001.vcf.gz"
            isEnabled = "NO">
         </CommandLineArgument>
         <CommandLineArgument
            argument = "/Users/c1ms21p6h3qk/Desktop/VBT_Test/MendelianTest8/autosomesOnly_jointCalled_trio_hg001_bwa_gatk.cat.vcf.gz"
            isEnabled = "NO">
         </CommandLineArgument>
         <CommandLineArgument
            argument = "/Users/c1ms21p6h3qk/Desktop/VBT_Test/JohnComparison/gral.SBG_Caller_HG001_filtered.vcf.gz"
            isEnabled = "YES">
         </CommandLineArgument>
         <CommandLineArgument
            argument = "-called"
            isEnabled = "YES">
         </CommandLineArgument>
         <CommandLineArgument
            argument = "/Users/c1ms21p6h3qk/Desktop/VBT_Test/JohnComparison/gral.Haplotype_Caller_HG001.vcf.gz"
            isEnabled = "YES">
         </CommandLineArgument>
         <CommandLineArgument
            argument = "/Users/c1ms21p6h3qk/Desktop/VBT_Test/JohnComparison/gral.SBG_Caller_HG001_filtered.vcf.gz"
            isEnabled = "NO">
         </CommandLineArgument>
         <CommandLineArgument
            argument = "/Users/c1ms21p6h3qk/Desktop/VBT_Test/MendelianTest8/autosomesOnly_jointCalled_trio_hg001_bwa_gatk.cat.vcf.gz"
            isEnabled = "NO">
         </CommandLineArgument>
         <CommandLineArgument
            argument = "--allele-match"
            isEnabled = "NO">
         </CommandLineArgument>
         <CommandLineArgument
            argument = "--autosome-only"
            isEnabled = "NO">
         </CommandLineArgument>
         <CommandLineArgument
            argument = "-bed"
            isEnabled = "YES">
         </CommandLineArgument>
         <CommandLineArgument
            argument = "/Users/c1ms21p6h3qk/Desktop/VBT_Test/MendelianTest8/chr1.bed"
            isEnabled = "NO">
         </CommandLineArgument>
         <CommandLineArgument
            argument = "/Users/c1ms21p6h3qk/Desktop/VBT_Test/MendelianTest7/HG001_GRCh37_GIAB_highconf_CG-IllFB-IllGATKHC-Ion-10X-SOLID_CHROM1-X_v.3.3.2_highconf.bed"
            isEnabled = "YES">
         </CommandLineArgument>
         <CommandLineArgument
            argument = "-out-prefix"
            isEnabled = "NO">
         </CommandLineArgument>
         <CommandLineArgument
            argument = "VBT_0.7.2_HC_Joint_"
            isEnabled = "NO">
         </CommandLineArgument>
         <CommandLineArgument
            argument = "-thread-count"
            isEnabled = "YES">
         </CommandLineArgument>
         <CommandLineArgument
            argument = "2"
            isEnabled = "YES">
         </CommandLineArgument>
         <CommandLineArgument
            argument = "--trim-endings-first"
            isEnabled = "YES">
         </CommandLineArgument>
         <CommandLineArgument
            argument = "-max-iteration-count"
            isEnabled = "NO">
         </CommandLineArgument>
         <CommandLineArgument
            argument = "10000000"
            isEnabled = "NO">
         </CommandLineArgument>
         <CommandLineArgument
            argument = "-max-path-size"
            isEnabled = "NO">
         </CommandLineArgument>
         <CommandLineArgument
            argument = "50000"
            isEnabled = "NO">
         </CommandLineArgument>
         <CommandLineArgument
            argument = "-max-bp-length"
            isEnabled = "NO">
         </CommandLineArgument>
         <CommandLineArgument
            argument = "1000"
            isEnabled = "NO">
         </CommandLineArgument>
         <CommandLineArgument
            argument = "-sample-base"
            isEnabled = "NO">
         </CommandLineArgument>
         <CommandLineArgument
            argument = "NA12891"
            isEnabled = "NO">
         </CommandLineArgument>
         <CommandLineArgument
            argument = "-sample-called"
            isEnabled = "NO">
         </CommandLineArgument>
         <CommandLineArgument
            argument = "NA12878"
            isEnabled = "NO">
         </CommandLineArgument>
      </CommandLineArguments>
      <EnvironmentVariables>
         <EnvironmentVariable
            key = "MALLOC_PERMIT_INSANE_REQUESTS"
            value = ""
            isEnabled = "YES">
         </EnvironmentVariable>
      </EnvironmentVariables>
      <AdditionalOptions>
      </AdditionalOptions>
   </LaunchAction>
   <ProfileAction
      buildConfiguration = "Release"
      shouldUseLaunchSchemeArgsEnv = "YES"
      savedToolIdentifier = ""
      useCustomWorkingDirectory = "NO"
      debugDocumentVersioning = "YES">
      <BuildableProductRunnable
         runnableDebuggingMode = "0">
         <BuildableReference
            BuildableIdentifier = "primary"
            BlueprintIdentifier = "556D39751DD3AEA400551040"
            BuildableName = "VariantBenchmarkingTools"
            BlueprintName = "VCFComparison"
            ReferencedContainer = "container:VariantBenchmarkingTools.xcodeproj">
         </BuildableReference>
      </BuildableProductRunnable>
   </ProfileAction>
   <AnalyzeAction
      buildConfiguration = "Debug">
   </AnalyzeAction>
   <ArchiveAction
      buildConfiguration = "Release"
      revealArchiveInOrganizer = "YES">
   </ArchiveAction>
</Scheme>
