// !$*UTF8*$!
{
	archiveVersion = 1;
	classes = {
	};
	objectVersion = 46;
	objects = {

/* Begin PBXBuildFile section */
		550E1F601E8ABE8B00AEFB0B /* CMendelianResultLog.cpp in Sources */ = {isa = PBXBuildFile; fileRef = 550E1F5F1E8ABE8B00AEFB0B /* CMendelianResultLog.cpp */; };
		551661C91E82C51B002436FA /* CFastaParser.cpp in Sources */ = {isa = PBXBuildFile; fileRef = 551661C61E82C51B002436FA /* CFastaParser.cpp */; };
		551661CA1E82C51B002436FA /* CVcfReader.cpp in Sources */ = {isa = PBXBuildFile; fileRef = 551661C71E82C51B002436FA /* CVcfReader.cpp */; };
		551661CB1E82C51B002436FA /* CVcfWriter.cpp in Sources */ = {isa = PBXBuildFile; fileRef = 551661C81E82C51B002436FA /* CVcfWriter.cpp */; };
		551661DD1E82C967002436FA /* CHaplotypeSequence.cpp in Sources */ = {isa = PBXBuildFile; fileRef = 551661D71E82C967002436FA /* CHaplotypeSequence.cpp */; };
		551661DE1E82C967002436FA /* COrientedVariant.cpp in Sources */ = {isa = PBXBuildFile; fileRef = 551661D81E82C967002436FA /* COrientedVariant.cpp */; };
		551661DF1E82C967002436FA /* CPath.cpp in Sources */ = {isa = PBXBuildFile; fileRef = 551661D91E82C967002436FA /* CPath.cpp */; };
		551661E01E82C967002436FA /* CPathReplay.cpp in Sources */ = {isa = PBXBuildFile; fileRef = 551661DA1E82C967002436FA /* CPathReplay.cpp */; };
		551661E11E82C967002436FA /* CPathSet.cpp in Sources */ = {isa = PBXBuildFile; fileRef = 551661DB1E82C967002436FA /* CPathSet.cpp */; };
		551661E21E82C967002436FA /* CSemiPath.cpp in Sources */ = {isa = PBXBuildFile; fileRef = 551661DC1E82C967002436FA /* CSemiPath.cpp */; };
		551661ED1E82E7D9002436FA /* CGa4ghOutputProvider.cpp in Sources */ = {isa = PBXBuildFile; fileRef = 551661E91E82E7D9002436FA /* CGa4ghOutputProvider.cpp */; };
		551661EE1E82E7D9002436FA /* CResultLog.cpp in Sources */ = {isa = PBXBuildFile; fileRef = 551661EA1E82E7D9002436FA /* CResultLog.cpp */; };
		551661EF1E82E7D9002436FA /* CVariantProvider.cpp in Sources */ = {isa = PBXBuildFile; fileRef = 551661EB1E82E7D9002436FA /* CVariantProvider.cpp */; };
		551661F01E82E7D9002436FA /* CVcfAnalyzer.cpp in Sources */ = {isa = PBXBuildFile; fileRef = 551661EC1E82E7D9002436FA /* CVcfAnalyzer.cpp */; };
		551661FC1E82E8EB002436FA /* CMendelianAnalyzer.cpp in Sources */ = {isa = PBXBuildFile; fileRef = 551661F81E82E8EB002436FA /* CMendelianAnalyzer.cpp */; };
		551661FD1E82E8EB002436FA /* CMendelianTrioMerger.cpp in Sources */ = {isa = PBXBuildFile; fileRef = 551661F91E82E8EB002436FA /* CMendelianTrioMerger.cpp */; };
		551661FE1E82E8EB002436FA /* CMendelianVariantProvider.cpp in Sources */ = {isa = PBXBuildFile; fileRef = 551661FA1E82E8EB002436FA /* CMendelianVariantProvider.cpp */; };
		551661FF1E82E8EB002436FA /* COverlappingVariantEliminator.cpp in Sources */ = {isa = PBXBuildFile; fileRef = 551661FB1E82E8EB002436FA /* COverlappingVariantEliminator.cpp */; };
		551662191E82EBC5002436FA /* CVariant.cpp in Sources */ = {isa = PBXBuildFile; fileRef = 551662181E82EBC5002436FA /* CVariant.cpp */; };
		5516621D1E82F271002436FA /* main.cpp in Sources */ = {isa = PBXBuildFile; fileRef = 5516621B1E82F271002436FA /* main.cpp */; };
		5516621E1E82F271002436FA /* test.cpp in Sources */ = {isa = PBXBuildFile; fileRef = 5516621C1E82F271002436FA /* test.cpp */; };
		553B0F861E36A2FE00E7186C /* README.md in Sources */ = {isa = PBXBuildFile; fileRef = 553B0F851E36A2FE00E7186C /* README.md */; };
		556D39941DD3AF2E00551040 /* libhts.1.3.2.dylib in Frameworks */ = {isa = PBXBuildFile; fileRef = 556D39811DD3AF2E00551040 /* libhts.1.3.2.dylib */; };
		556D39951DD3AF2E00551040 /* libhts.1.dylib in Frameworks */ = {isa = PBXBuildFile; fileRef = 556D39821DD3AF2E00551040 /* libhts.1.dylib */; };
		556D39961DD3AF2E00551040 /* libhts.a in Frameworks */ = {isa = PBXBuildFile; fileRef = 556D39831DD3AF2E00551040 /* libhts.a */; };
		556D39971DD3AF2E00551040 /* libhts.dylib in Frameworks */ = {isa = PBXBuildFile; fileRef = 556D39841DD3AF2E00551040 /* libhts.dylib */; };
		556D39CC1DD3AFAC00551040 /* libz.tbd in Frameworks */ = {isa = PBXBuildFile; fileRef = 556D39CB1DD3AFAC00551040 /* libz.tbd */; };
		558A41741E92EDA900575FA6 /* Makefile in Sources */ = {isa = PBXBuildFile; fileRef = 558A41731E92EDA900575FA6 /* Makefile */; };
		559BA2941E97D63F0018D734 /* CSplitOutputProvider.cpp in Sources */ = {isa = PBXBuildFile; fileRef = 559BA2931E97D63F0018D734 /* CSplitOutputProvider.cpp */; };
/* End PBXBuildFile section */

/* Begin PBXCopyFilesBuildPhase section */
		556D39741DD3AEA400551040 /* CopyFiles */ = {
			isa = PBXCopyFilesBuildPhase;
			buildActionMask = 2147483647;
			dstPath = /usr/share/man/man1/;
			dstSubfolderSpec = 0;
			files = (
			);
			runOnlyForDeploymentPostprocessing = 1;
		};
/* End PBXCopyFilesBuildPhase section */

/* Begin PBXFileReference section */
		550E1F5C1E89613200AEFB0B /* ENoCallMode.h */ = {isa = PBXFileReference; fileEncoding = 4; lastKnownFileType = sourcecode.c.h; name = ENoCallMode.h; path = MendelianViolation/include/ENoCallMode.h; sourceTree = SOURCE_ROOT; };
		550E1F5D1E8AA33400AEFB0B /* CResultLog.h */ = {isa = PBXFileReference; fileEncoding = 4; lastKnownFileType = sourcecode.c.h; name = CResultLog.h; path = DuoComparison/include/CResultLog.h; sourceTree = SOURCE_ROOT; };
		550E1F5E1E8ABC0100AEFB0B /* CMendelianResultLog.h */ = {isa = PBXFileReference; fileEncoding = 4; lastKnownFileType = sourcecode.c.h; name = CMendelianResultLog.h; path = MendelianViolation/include/CMendelianResultLog.h; sourceTree = SOURCE_ROOT; };
		550E1F5F1E8ABE8B00AEFB0B /* CMendelianResultLog.cpp */ = {isa = PBXFileReference; fileEncoding = 4; lastKnownFileType = sourcecode.cpp.cpp; name = CMendelianResultLog.cpp; path = MendelianViolation/src/CMendelianResultLog.cpp; sourceTree = SOURCE_ROOT; };
		550E1F611E8AF9CB00AEFB0B /* EVariantCategory.h */ = {isa = PBXFileReference; fileEncoding = 4; lastKnownFileType = sourcecode.c.h; name = EVariantCategory.h; path = VcfIO/include/EVariantCategory.h; sourceTree = SOURCE_ROOT; };
		551661C11E82C4D0002436FA /* CFastaParser.h */ = {isa = PBXFileReference; fileEncoding = 4; lastKnownFileType = sourcecode.c.h; name = CFastaParser.h; path = VcfIO/include/CFastaParser.h; sourceTree = SOURCE_ROOT; };
		551661C21E82C4D0002436FA /* CVcfReader.h */ = {isa = PBXFileReference; fileEncoding = 4; lastKnownFileType = sourcecode.c.h; name = CVcfReader.h; path = VcfIO/include/CVcfReader.h; sourceTree = SOURCE_ROOT; };
		551661C31E82C4D0002436FA /* CVcfWriter.h */ = {isa = PBXFileReference; fileEncoding = 4; lastKnownFileType = sourcecode.c.h; name = CVcfWriter.h; path = VcfIO/include/CVcfWriter.h; sourceTree = SOURCE_ROOT; };
		551661C41E82C4D0002436FA /* EVcfName.h */ = {isa = PBXFileReference; fileEncoding = 4; lastKnownFileType = sourcecode.c.h; name = EVcfName.h; path = VcfIO/include/EVcfName.h; sourceTree = SOURCE_ROOT; };
		551661C51E82C4D0002436FA /* SConfig.h */ = {isa = PBXFileReference; fileEncoding = 4; lastKnownFileType = sourcecode.c.h; name = SConfig.h; path = VcfIO/include/SConfig.h; sourceTree = SOURCE_ROOT; };
		551661C61E82C51B002436FA /* CFastaParser.cpp */ = {isa = PBXFileReference; fileEncoding = 4; lastKnownFileType = sourcecode.cpp.cpp; name = CFastaParser.cpp; path = VcfIO/src/CFastaParser.cpp; sourceTree = SOURCE_ROOT; };
		551661C71E82C51B002436FA /* CVcfReader.cpp */ = {isa = PBXFileReference; fileEncoding = 4; lastKnownFileType = sourcecode.cpp.cpp; name = CVcfReader.cpp; path = VcfIO/src/CVcfReader.cpp; sourceTree = SOURCE_ROOT; };
		551661C81E82C51B002436FA /* CVcfWriter.cpp */ = {isa = PBXFileReference; fileEncoding = 4; lastKnownFileType = sourcecode.cpp.cpp; name = CVcfWriter.cpp; path = VcfIO/src/CVcfWriter.cpp; sourceTree = SOURCE_ROOT; };
		551661CD1E82C80D002436FA /* CHaplotypeSequence.h */ = {isa = PBXFileReference; fileEncoding = 4; lastKnownFileType = sourcecode.c.h; name = CHaplotypeSequence.h; path = Core/include/CHaplotypeSequence.h; sourceTree = SOURCE_ROOT; };
		551661CE1E82C80D002436FA /* COrientedVariant.h */ = {isa = PBXFileReference; fileEncoding = 4; lastKnownFileType = sourcecode.c.h; name = COrientedVariant.h; path = Core/include/COrientedVariant.h; sourceTree = SOURCE_ROOT; };
		551661CF1E82C80D002436FA /* CPath.h */ = {isa = PBXFileReference; fileEncoding = 4; lastKnownFileType = sourcecode.c.h; name = CPath.h; path = Core/include/CPath.h; sourceTree = SOURCE_ROOT; };
		551661D01E82C80D002436FA /* CPathReplay.h */ = {isa = PBXFileReference; fileEncoding = 4; lastKnownFileType = sourcecode.c.h; name = CPathReplay.h; path = Core/include/CPathReplay.h; sourceTree = SOURCE_ROOT; };
		551661D11E82C80D002436FA /* CPathSet.h */ = {isa = PBXFileReference; fileEncoding = 4; lastKnownFileType = sourcecode.c.h; name = CPathSet.h; path = Core/include/CPathSet.h; sourceTree = SOURCE_ROOT; };
		551661D31E82C80D002436FA /* CSemiPath.h */ = {isa = PBXFileReference; fileEncoding = 4; lastKnownFileType = sourcecode.c.h; name = CSemiPath.h; path = Core/include/CSemiPath.h; sourceTree = SOURCE_ROOT; };
		551661D41E82C80D002436FA /* CSyncPoint.h */ = {isa = PBXFileReference; fileEncoding = 4; lastKnownFileType = sourcecode.c.h; name = CSyncPoint.h; path = Core/include/CSyncPoint.h; sourceTree = SOURCE_ROOT; };
		551661D71E82C967002436FA /* CHaplotypeSequence.cpp */ = {isa = PBXFileReference; fileEncoding = 4; lastKnownFileType = sourcecode.cpp.cpp; name = CHaplotypeSequence.cpp; path = Core/src/CHaplotypeSequence.cpp; sourceTree = SOURCE_ROOT; };
		551661D81E82C967002436FA /* COrientedVariant.cpp */ = {isa = PBXFileReference; fileEncoding = 4; lastKnownFileType = sourcecode.cpp.cpp; name = COrientedVariant.cpp; path = Core/src/COrientedVariant.cpp; sourceTree = SOURCE_ROOT; };
		551661D91E82C967002436FA /* CPath.cpp */ = {isa = PBXFileReference; fileEncoding = 4; lastKnownFileType = sourcecode.cpp.cpp; name = CPath.cpp; path = Core/src/CPath.cpp; sourceTree = SOURCE_ROOT; };
		551661DA1E82C967002436FA /* CPathReplay.cpp */ = {isa = PBXFileReference; fileEncoding = 4; lastKnownFileType = sourcecode.cpp.cpp; name = CPathReplay.cpp; path = Core/src/CPathReplay.cpp; sourceTree = SOURCE_ROOT; };
		551661DB1E82C967002436FA /* CPathSet.cpp */ = {isa = PBXFileReference; fileEncoding = 4; lastKnownFileType = sourcecode.cpp.cpp; name = CPathSet.cpp; path = Core/src/CPathSet.cpp; sourceTree = SOURCE_ROOT; };
		551661DC1E82C967002436FA /* CSemiPath.cpp */ = {isa = PBXFileReference; fileEncoding = 4; lastKnownFileType = sourcecode.cpp.cpp; name = CSemiPath.cpp; path = Core/src/CSemiPath.cpp; sourceTree = SOURCE_ROOT; };
		551661E31E82E582002436FA /* CVariantIterator.h */ = {isa = PBXFileReference; fileEncoding = 4; lastKnownFileType = sourcecode.c.h; name = CVariantIterator.h; path = DuoComparison/include/CVariantIterator.h; sourceTree = SOURCE_ROOT; };
		551661E41E82E582002436FA /* CVariantIteratorV2.h */ = {isa = PBXFileReference; fileEncoding = 4; lastKnownFileType = sourcecode.c.h; name = CVariantIteratorV2.h; path = DuoComparison/include/CVariantIteratorV2.h; sourceTree = SOURCE_ROOT; };
		551661E51E82E582002436FA /* CGa4ghOutputProvider.h */ = {isa = PBXFileReference; fileEncoding = 4; lastKnownFileType = sourcecode.c.h; name = CGa4ghOutputProvider.h; path = DuoComparison/include/CGa4ghOutputProvider.h; sourceTree = SOURCE_ROOT; };
		551661E61E82E582002436FA /* CVariantProvider.h */ = {isa = PBXFileReference; fileEncoding = 4; lastKnownFileType = sourcecode.c.h; name = CVariantProvider.h; path = DuoComparison/include/CVariantProvider.h; sourceTree = SOURCE_ROOT; };
		551661E71E82E582002436FA /* CVcfAnalyzer.h */ = {isa = PBXFileReference; fileEncoding = 4; lastKnownFileType = sourcecode.c.h; name = CVcfAnalyzer.h; path = DuoComparison/include/CVcfAnalyzer.h; sourceTree = SOURCE_ROOT; };
		551661E81E82E582002436FA /* SVariantSummary.h */ = {isa = PBXFileReference; fileEncoding = 4; lastKnownFileType = sourcecode.c.h; name = SVariantSummary.h; path = DuoComparison/include/SVariantSummary.h; sourceTree = SOURCE_ROOT; };
		551661E91E82E7D9002436FA /* CGa4ghOutputProvider.cpp */ = {isa = PBXFileReference; fileEncoding = 4; lastKnownFileType = sourcecode.cpp.cpp; name = CGa4ghOutputProvider.cpp; path = DuoComparison/src/CGa4ghOutputProvider.cpp; sourceTree = SOURCE_ROOT; };
		551661EA1E82E7D9002436FA /* CResultLog.cpp */ = {isa = PBXFileReference; fileEncoding = 4; lastKnownFileType = sourcecode.cpp.cpp; name = CResultLog.cpp; path = DuoComparison/src/CResultLog.cpp; sourceTree = SOURCE_ROOT; };
		551661EB1E82E7D9002436FA /* CVariantProvider.cpp */ = {isa = PBXFileReference; fileEncoding = 4; lastKnownFileType = sourcecode.cpp.cpp; name = CVariantProvider.cpp; path = DuoComparison/src/CVariantProvider.cpp; sourceTree = SOURCE_ROOT; };
		551661EC1E82E7D9002436FA /* CVcfAnalyzer.cpp */ = {isa = PBXFileReference; fileEncoding = 4; lastKnownFileType = sourcecode.cpp.cpp; name = CVcfAnalyzer.cpp; path = DuoComparison/src/CVcfAnalyzer.cpp; sourceTree = SOURCE_ROOT; };
		551661F21E82E8DB002436FA /* CMendelianAnalyzer.h */ = {isa = PBXFileReference; fileEncoding = 4; lastKnownFileType = sourcecode.c.h; name = CMendelianAnalyzer.h; path = MendelianViolation/include/CMendelianAnalyzer.h; sourceTree = SOURCE_ROOT; };
		551661F31E82E8DB002436FA /* CMendelianTrioMerger.h */ = {isa = PBXFileReference; fileEncoding = 4; lastKnownFileType = sourcecode.c.h; name = CMendelianTrioMerger.h; path = MendelianViolation/include/CMendelianTrioMerger.h; sourceTree = SOURCE_ROOT; };
		551661F41E82E8DB002436FA /* CMendelianVariantProvider.h */ = {isa = PBXFileReference; fileEncoding = 4; lastKnownFileType = sourcecode.c.h; name = CMendelianVariantProvider.h; path = MendelianViolation/include/CMendelianVariantProvider.h; sourceTree = SOURCE_ROOT; };
		551661F51E82E8DB002436FA /* COverlappingVariantEliminator.h */ = {isa = PBXFileReference; fileEncoding = 4; lastKnownFileType = sourcecode.c.h; name = COverlappingVariantEliminator.h; path = MendelianViolation/include/COverlappingVariantEliminator.h; sourceTree = SOURCE_ROOT; };
		551661F61E82E8DB002436FA /* EMendelianDecision.h */ = {isa = PBXFileReference; fileEncoding = 4; lastKnownFileType = sourcecode.c.h; name = EMendelianDecision.h; path = MendelianViolation/include/EMendelianDecision.h; sourceTree = SOURCE_ROOT; };
		551661F71E82E8DB002436FA /* EMendelianVcfName.h */ = {isa = PBXFileReference; fileEncoding = 4; lastKnownFileType = sourcecode.c.h; name = EMendelianVcfName.h; path = MendelianViolation/include/EMendelianVcfName.h; sourceTree = SOURCE_ROOT; };
		551661F81E82E8EB002436FA /* CMendelianAnalyzer.cpp */ = {isa = PBXFileReference; fileEncoding = 4; lastKnownFileType = sourcecode.cpp.cpp; name = CMendelianAnalyzer.cpp; path = MendelianViolation/src/CMendelianAnalyzer.cpp; sourceTree = SOURCE_ROOT; };
		551661F91E82E8EB002436FA /* CMendelianTrioMerger.cpp */ = {isa = PBXFileReference; fileEncoding = 4; lastKnownFileType = sourcecode.cpp.cpp; name = CMendelianTrioMerger.cpp; path = MendelianViolation/src/CMendelianTrioMerger.cpp; sourceTree = SOURCE_ROOT; };
		551661FA1E82E8EB002436FA /* CMendelianVariantProvider.cpp */ = {isa = PBXFileReference; fileEncoding = 4; lastKnownFileType = sourcecode.cpp.cpp; name = CMendelianVariantProvider.cpp; path = MendelianViolation/src/CMendelianVariantProvider.cpp; sourceTree = SOURCE_ROOT; };
		551661FB1E82E8EB002436FA /* COverlappingVariantEliminator.cpp */ = {isa = PBXFileReference; fileEncoding = 4; lastKnownFileType = sourcecode.cpp.cpp; name = COverlappingVariantEliminator.cpp; path = MendelianViolation/src/COverlappingVariantEliminator.cpp; sourceTree = SOURCE_ROOT; };
		551662001E82E934002436FA /* Constants.h */ = {isa = PBXFileReference; fileEncoding = 4; lastKnownFileType = sourcecode.c.h; path = Constants.h; sourceTree = SOURCE_ROOT; };
		551662171E82EBB9002436FA /* CVariant.h */ = {isa = PBXFileReference; fileEncoding = 4; lastKnownFileType = sourcecode.c.h; name = CVariant.h; path = VcfIO/include/CVariant.h; sourceTree = SOURCE_ROOT; };
		551662181E82EBC5002436FA /* CVariant.cpp */ = {isa = PBXFileReference; fileEncoding = 4; lastKnownFileType = sourcecode.cpp.cpp; name = CVariant.cpp; path = VcfIO/src/CVariant.cpp; sourceTree = SOURCE_ROOT; };
		5516621A1E82F09E002436FA /* EVariantMatch.h */ = {isa = PBXFileReference; fileEncoding = 4; lastKnownFileType = sourcecode.c.h; name = EVariantMatch.h; path = VcfIO/include/EVariantMatch.h; sourceTree = SOURCE_ROOT; };
		5516621B1E82F271002436FA /* main.cpp */ = {isa = PBXFileReference; fileEncoding = 4; lastKnownFileType = sourcecode.cpp.cpp; path = main.cpp; sourceTree = SOURCE_ROOT; };
		5516621C1E82F271002436FA /* test.cpp */ = {isa = PBXFileReference; fileEncoding = 4; lastKnownFileType = sourcecode.cpp.cpp; path = test.cpp; sourceTree = SOURCE_ROOT; };
		553B0F851E36A2FE00E7186C /* README.md */ = {isa = PBXFileReference; fileEncoding = 4; lastKnownFileType = net.daringfireball.markdown; path = README.md; sourceTree = SOURCE_ROOT; };
		556D39761DD3AEA400551040 /* VCFComparison */ = {isa = PBXFileReference; explicitFileType = "compiled.mach-o.executable"; includeInIndex = 0; path = VCFComparison; sourceTree = BUILT_PRODUCTS_DIR; };
		556D39811DD3AF2E00551040 /* libhts.1.3.2.dylib */ = {isa = PBXFileReference; lastKnownFileType = "compiled.mach-o.dylib"; path = libhts.1.3.2.dylib; sourceTree = "<group>"; };
		556D39821DD3AF2E00551040 /* libhts.1.dylib */ = {isa = PBXFileReference; lastKnownFileType = "compiled.mach-o.dylib"; path = libhts.1.dylib; sourceTree = "<group>"; };
		556D39831DD3AF2E00551040 /* libhts.a */ = {isa = PBXFileReference; lastKnownFileType = archive.ar; path = libhts.a; sourceTree = "<group>"; };
		556D39841DD3AF2E00551040 /* libhts.dylib */ = {isa = PBXFileReference; lastKnownFileType = "compiled.mach-o.dylib"; path = libhts.dylib; sourceTree = "<group>"; };
		556D39861DD3AF2E00551040 /* htslib.pc */ = {isa = PBXFileReference; fileEncoding = 4; lastKnownFileType = text; path = htslib.pc; sourceTree = "<group>"; };
		556D39CB1DD3AFAC00551040 /* libz.tbd */ = {isa = PBXFileReference; lastKnownFileType = "sourcecode.text-based-dylib-definition"; name = libz.tbd; path = usr/lib/libz.tbd; sourceTree = SDKROOT; };
		558A41731E92EDA900575FA6 /* Makefile */ = {isa = PBXFileReference; fileEncoding = 4; lastKnownFileType = sourcecode.make; path = Makefile; sourceTree = SOURCE_ROOT; };
		559BA2921E97D42F0018D734 /* CSplitOutputProvider.h */ = {isa = PBXFileReference; fileEncoding = 4; lastKnownFileType = sourcecode.c.h; name = CSplitOutputProvider.h; path = DuoComparison/include/CSplitOutputProvider.h; sourceTree = SOURCE_ROOT; };
		559BA2931E97D63F0018D734 /* CSplitOutputProvider.cpp */ = {isa = PBXFileReference; fileEncoding = 4; lastKnownFileType = sourcecode.cpp.cpp; name = CSplitOutputProvider.cpp; path = DuoComparison/src/CSplitOutputProvider.cpp; sourceTree = SOURCE_ROOT; };
		559BA2961E982DFE0018D734 /* bgzf.h */ = {isa = PBXFileReference; fileEncoding = 4; lastKnownFileType = sourcecode.c.h; path = bgzf.h; sourceTree = "<group>"; };
		559BA2971E982DFE0018D734 /* cram.h */ = {isa = PBXFileReference; fileEncoding = 4; lastKnownFileType = sourcecode.c.h; path = cram.h; sourceTree = "<group>"; };
		559BA2981E982DFE0018D734 /* faidx.h */ = {isa = PBXFileReference; fileEncoding = 4; lastKnownFileType = sourcecode.c.h; path = faidx.h; sourceTree = "<group>"; };
		559BA2991E982DFE0018D734 /* hfile.h */ = {isa = PBXFileReference; fileEncoding = 4; lastKnownFileType = sourcecode.c.h; path = hfile.h; sourceTree = "<group>"; };
		559BA29A1E982DFE0018D734 /* hts.h */ = {isa = PBXFileReference; fileEncoding = 4; lastKnownFileType = sourcecode.c.h; path = hts.h; sourceTree = "<group>"; };
		559BA29B1E982DFE0018D734 /* hts_defs.h */ = {isa = PBXFileReference; fileEncoding = 4; lastKnownFileType = sourcecode.c.h; path = hts_defs.h; sourceTree = "<group>"; };
		559BA29C1E982DFE0018D734 /* kbitset.h */ = {isa = PBXFileReference; fileEncoding = 4; lastKnownFileType = sourcecode.c.h; path = kbitset.h; sourceTree = "<group>"; };
		559BA29D1E982DFE0018D734 /* kfunc.h */ = {isa = PBXFileReference; fileEncoding = 4; lastKnownFileType = sourcecode.c.h; path = kfunc.h; sourceTree = "<group>"; };
		559BA29E1E982DFE0018D734 /* khash.h */ = {isa = PBXFileReference; fileEncoding = 4; lastKnownFileType = sourcecode.c.h; path = khash.h; sourceTree = "<group>"; };
		559BA29F1E982DFE0018D734 /* khash_str2int.h */ = {isa = PBXFileReference; fileEncoding = 4; lastKnownFileType = sourcecode.c.h; path = khash_str2int.h; sourceTree = "<group>"; };
		559BA2A01E982DFE0018D734 /* klist.h */ = {isa = PBXFileReference; fileEncoding = 4; lastKnownFileType = sourcecode.c.h; path = klist.h; sourceTree = "<group>"; };
		559BA2A11E982DFE0018D734 /* knetfile.h */ = {isa = PBXFileReference; fileEncoding = 4; lastKnownFileType = sourcecode.c.h; path = knetfile.h; sourceTree = "<group>"; };
		559BA2A21E982DFE0018D734 /* kseq.h */ = {isa = PBXFileReference; fileEncoding = 4; lastKnownFileType = sourcecode.c.h; path = kseq.h; sourceTree = "<group>"; };
		559BA2A31E982DFE0018D734 /* ksort.h */ = {isa = PBXFileReference; fileEncoding = 4; lastKnownFileType = sourcecode.c.h; path = ksort.h; sourceTree = "<group>"; };
		559BA2A41E982DFE0018D734 /* kstring.h */ = {isa = PBXFileReference; fileEncoding = 4; lastKnownFileType = sourcecode.c.h; path = kstring.h; sourceTree = "<group>"; };
		559BA2A51E982DFE0018D734 /* regidx.h */ = {isa = PBXFileReference; fileEncoding = 4; lastKnownFileType = sourcecode.c.h; path = regidx.h; sourceTree = "<group>"; };
		559BA2A61E982DFE0018D734 /* sam.h */ = {isa = PBXFileReference; fileEncoding = 4; lastKnownFileType = sourcecode.c.h; path = sam.h; sourceTree = "<group>"; };
		559BA2A71E982DFE0018D734 /* synced_bcf_reader.h */ = {isa = PBXFileReference; fileEncoding = 4; lastKnownFileType = sourcecode.c.h; path = synced_bcf_reader.h; sourceTree = "<group>"; };
		559BA2A81E982DFE0018D734 /* tbx.h */ = {isa = PBXFileReference; fileEncoding = 4; lastKnownFileType = sourcecode.c.h; path = tbx.h; sourceTree = "<group>"; };
		559BA2A91E982DFE0018D734 /* vcf.h */ = {isa = PBXFileReference; fileEncoding = 4; lastKnownFileType = sourcecode.c.h; path = vcf.h; sourceTree = "<group>"; };
		559BA2AA1E982DFE0018D734 /* vcf_sweep.h */ = {isa = PBXFileReference; fileEncoding = 4; lastKnownFileType = sourcecode.c.h; path = vcf_sweep.h; sourceTree = "<group>"; };
		559BA2AB1E982DFE0018D734 /* vcfutils.h */ = {isa = PBXFileReference; fileEncoding = 4; lastKnownFileType = sourcecode.c.h; path = vcfutils.h; sourceTree = "<group>"; };
/* End PBXFileReference section */

/* Begin PBXFrameworksBuildPhase section */
		556D39731DD3AEA400551040 /* Frameworks */ = {
			isa = PBXFrameworksBuildPhase;
			buildActionMask = 2147483647;
			files = (
				556D39CC1DD3AFAC00551040 /* libz.tbd in Frameworks */,
				556D39971DD3AF2E00551040 /* libhts.dylib in Frameworks */,
				556D39941DD3AF2E00551040 /* libhts.1.3.2.dylib in Frameworks */,
				556D39951DD3AF2E00551040 /* libhts.1.dylib in Frameworks */,
				556D39961DD3AF2E00551040 /* libhts.a in Frameworks */,
			);
			runOnlyForDeploymentPostprocessing = 0;
		};
/* End PBXFrameworksBuildPhase section */

/* Begin PBXGroup section */
		551661B01E82BD39002436FA /* Core */ = {
			isa = PBXGroup;
			children = (
				551661B11E82BE4C002436FA /* Include */,
				551661B21E82BE6B002436FA /* src */,
				551661BE1E82C31A002436FA /* test */,
			);
			name = Core;
			sourceTree = "<group>";
		};
		551661B11E82BE4C002436FA /* Include */ = {
			isa = PBXGroup;
			children = (
				551661CD1E82C80D002436FA /* CHaplotypeSequence.h */,
				551661CE1E82C80D002436FA /* COrientedVariant.h */,
				551661CF1E82C80D002436FA /* CPath.h */,
				551661D01E82C80D002436FA /* CPathReplay.h */,
				551661D11E82C80D002436FA /* CPathSet.h */,
				551661D31E82C80D002436FA /* CSemiPath.h */,
				551661D41E82C80D002436FA /* CSyncPoint.h */,
			);
			name = Include;
			sourceTree = "<group>";
		};
		551661B21E82BE6B002436FA /* src */ = {
			isa = PBXGroup;
			children = (
				551661D71E82C967002436FA /* CHaplotypeSequence.cpp */,
				551661D81E82C967002436FA /* COrientedVariant.cpp */,
				551661D91E82C967002436FA /* CPath.cpp */,
				551661DA1E82C967002436FA /* CPathReplay.cpp */,
				551661DB1E82C967002436FA /* CPathSet.cpp */,
				551661DC1E82C967002436FA /* CSemiPath.cpp */,
			);
			name = src;
			sourceTree = "<group>";
		};
		551661B31E82BFA0002436FA /* VcfIO */ = {
			isa = PBXGroup;
			children = (
				551661B71E82C12A002436FA /* Include */,
				551661B81E82C13F002436FA /* src */,
				551661BD1E82C30B002436FA /* test */,
			);
			name = VcfIO;
			sourceTree = "<group>";
		};
		551661B41E82C02B002436FA /* DuoComparison */ = {
			isa = PBXGroup;
			children = (
				551661B51E82C0BE002436FA /* Include */,
				551661B61E82C0CD002436FA /* src */,
				551661BF1E82C323002436FA /* test */,
			);
			name = DuoComparison;
			sourceTree = "<group>";
		};
		551661B51E82C0BE002436FA /* Include */ = {
			isa = PBXGroup;
			children = (
				550E1F5D1E8AA33400AEFB0B /* CResultLog.h */,
				551661E31E82E582002436FA /* CVariantIterator.h */,
				551661E41E82E582002436FA /* CVariantIteratorV2.h */,
				551661E51E82E582002436FA /* CGa4ghOutputProvider.h */,
				551661E61E82E582002436FA /* CVariantProvider.h */,
				551661E71E82E582002436FA /* CVcfAnalyzer.h */,
				551661E81E82E582002436FA /* SVariantSummary.h */,
				559BA2921E97D42F0018D734 /* CSplitOutputProvider.h */,
			);
			name = Include;
			sourceTree = "<group>";
		};
		551661B61E82C0CD002436FA /* src */ = {
			isa = PBXGroup;
			children = (
				551661E91E82E7D9002436FA /* CGa4ghOutputProvider.cpp */,
				551661EA1E82E7D9002436FA /* CResultLog.cpp */,
				551661EB1E82E7D9002436FA /* CVariantProvider.cpp */,
				551661EC1E82E7D9002436FA /* CVcfAnalyzer.cpp */,
				559BA2931E97D63F0018D734 /* CSplitOutputProvider.cpp */,
			);
			name = src;
			sourceTree = "<group>";
		};
		551661B71E82C12A002436FA /* Include */ = {
			isa = PBXGroup;
			children = (
				5516621A1E82F09E002436FA /* EVariantMatch.h */,
				551662171E82EBB9002436FA /* CVariant.h */,
				551661C11E82C4D0002436FA /* CFastaParser.h */,
				551661C21E82C4D0002436FA /* CVcfReader.h */,
				551661C31E82C4D0002436FA /* CVcfWriter.h */,
				551661C41E82C4D0002436FA /* EVcfName.h */,
				551661C51E82C4D0002436FA /* SConfig.h */,
				550E1F611E8AF9CB00AEFB0B /* EVariantCategory.h */,
			);
			name = Include;
			sourceTree = "<group>";
		};
		551661B81E82C13F002436FA /* src */ = {
			isa = PBXGroup;
			children = (
				551662181E82EBC5002436FA /* CVariant.cpp */,
				551661C61E82C51B002436FA /* CFastaParser.cpp */,
				551661C71E82C51B002436FA /* CVcfReader.cpp */,
				551661C81E82C51B002436FA /* CVcfWriter.cpp */,
			);
			name = src;
			sourceTree = "<group>";
		};
		551661BA1E82C230002436FA /* MendelianViolation */ = {
			isa = PBXGroup;
			children = (
				551661BC1E82C272002436FA /* include */,
				551661BB1E82C269002436FA /* src */,
				551661C01E82C35F002436FA /* test */,
			);
			name = MendelianViolation;
			sourceTree = "<group>";
		};
		551661BB1E82C269002436FA /* src */ = {
			isa = PBXGroup;
			children = (
				551661F81E82E8EB002436FA /* CMendelianAnalyzer.cpp */,
				551661F91E82E8EB002436FA /* CMendelianTrioMerger.cpp */,
				551661FA1E82E8EB002436FA /* CMendelianVariantProvider.cpp */,
				551661FB1E82E8EB002436FA /* COverlappingVariantEliminator.cpp */,
				550E1F5F1E8ABE8B00AEFB0B /* CMendelianResultLog.cpp */,
			);
			name = src;
			sourceTree = "<group>";
		};
		551661BC1E82C272002436FA /* include */ = {
			isa = PBXGroup;
			children = (
				551661F21E82E8DB002436FA /* CMendelianAnalyzer.h */,
				551661F31E82E8DB002436FA /* CMendelianTrioMerger.h */,
				551661F41E82E8DB002436FA /* CMendelianVariantProvider.h */,
				551661F51E82E8DB002436FA /* COverlappingVariantEliminator.h */,
				551661F61E82E8DB002436FA /* EMendelianDecision.h */,
				551661F71E82E8DB002436FA /* EMendelianVcfName.h */,
				550E1F5C1E89613200AEFB0B /* ENoCallMode.h */,
				550E1F5E1E8ABC0100AEFB0B /* CMendelianResultLog.h */,
			);
			name = include;
			sourceTree = "<group>";
		};
		551661BD1E82C30B002436FA /* test */ = {
			isa = PBXGroup;
			children = (
			);
			name = test;
			sourceTree = "<group>";
		};
		551661BE1E82C31A002436FA /* test */ = {
			isa = PBXGroup;
			children = (
			);
			name = test;
			sourceTree = "<group>";
		};
		551661BF1E82C323002436FA /* test */ = {
			isa = PBXGroup;
			children = (
			);
			name = test;
			sourceTree = "<group>";
		};
		551661C01E82C35F002436FA /* test */ = {
			isa = PBXGroup;
			children = (
			);
			name = test;
			sourceTree = "<group>";
		};
		556D396D1DD3AEA400551040 = {
			isa = PBXGroup;
			children = (
				556D39781DD3AEA400551040 /* VCFComparison */,
				5516621B1E82F271002436FA /* main.cpp */,
				5516621C1E82F271002436FA /* test.cpp */,
				551662001E82E934002436FA /* Constants.h */,
				553B0F851E36A2FE00E7186C /* README.md */,
				556D39771DD3AEA400551040 /* Products */,
				556D39CA1DD3AFAC00551040 /* Frameworks */,
			);
			sourceTree = "<group>";
		};
		556D39771DD3AEA400551040 /* Products */ = {
			isa = PBXGroup;
			children = (
				556D39761DD3AEA400551040 /* VCFComparison */,
			);
			name = Products;
			sourceTree = "<group>";
		};
		556D39781DD3AEA400551040 /* VCFComparison */ = {
			isa = PBXGroup;
			children = (
				559BA2951E982DFE0018D734 /* htslib */,
				558A41731E92EDA900575FA6 /* Makefile */,
				556D39801DD3AF2E00551040 /* lib */,
				551661B31E82BFA0002436FA /* VcfIO */,
				551661B01E82BD39002436FA /* Core */,
				551661B41E82C02B002436FA /* DuoComparison */,
				551661BA1E82C230002436FA /* MendelianViolation */,
			);
			path = VCFComparison;
			sourceTree = "<group>";
		};
		556D39801DD3AF2E00551040 /* lib */ = {
			isa = PBXGroup;
			children = (
				556D39811DD3AF2E00551040 /* libhts.1.3.2.dylib */,
				556D39821DD3AF2E00551040 /* libhts.1.dylib */,
				556D39831DD3AF2E00551040 /* libhts.a */,
				556D39841DD3AF2E00551040 /* libhts.dylib */,
				556D39851DD3AF2E00551040 /* pkgconfig */,
			);
			path = lib;
			sourceTree = SOURCE_ROOT;
		};
		556D39851DD3AF2E00551040 /* pkgconfig */ = {
			isa = PBXGroup;
			children = (
				556D39861DD3AF2E00551040 /* htslib.pc */,
			);
			path = pkgconfig;
			sourceTree = "<group>";
		};
		556D39CA1DD3AFAC00551040 /* Frameworks */ = {
			isa = PBXGroup;
			children = (
				556D39CB1DD3AFAC00551040 /* libz.tbd */,
			);
			name = Frameworks;
			sourceTree = "<group>";
		};
		559BA2951E982DFE0018D734 /* htslib */ = {
			isa = PBXGroup;
			children = (
				559BA2961E982DFE0018D734 /* bgzf.h */,
				559BA2971E982DFE0018D734 /* cram.h */,
				559BA2981E982DFE0018D734 /* faidx.h */,
				559BA2991E982DFE0018D734 /* hfile.h */,
				559BA29A1E982DFE0018D734 /* hts.h */,
				559BA29B1E982DFE0018D734 /* hts_defs.h */,
				559BA29C1E982DFE0018D734 /* kbitset.h */,
				559BA29D1E982DFE0018D734 /* kfunc.h */,
				559BA29E1E982DFE0018D734 /* khash.h */,
				559BA29F1E982DFE0018D734 /* khash_str2int.h */,
				559BA2A01E982DFE0018D734 /* klist.h */,
				559BA2A11E982DFE0018D734 /* knetfile.h */,
				559BA2A21E982DFE0018D734 /* kseq.h */,
				559BA2A31E982DFE0018D734 /* ksort.h */,
				559BA2A41E982DFE0018D734 /* kstring.h */,
				559BA2A51E982DFE0018D734 /* regidx.h */,
				559BA2A61E982DFE0018D734 /* sam.h */,
				559BA2A71E982DFE0018D734 /* synced_bcf_reader.h */,
				559BA2A81E982DFE0018D734 /* tbx.h */,
				559BA2A91E982DFE0018D734 /* vcf.h */,
				559BA2AA1E982DFE0018D734 /* vcf_sweep.h */,
				559BA2AB1E982DFE0018D734 /* vcfutils.h */,
			);
			path = htslib;
			sourceTree = SOURCE_ROOT;
		};
/* End PBXGroup section */

/* Begin PBXNativeTarget section */
		556D39751DD3AEA400551040 /* VCFComparison */ = {
			isa = PBXNativeTarget;
			buildConfigurationList = 556D397D1DD3AEA400551040 /* Build configuration list for PBXNativeTarget "VCFComparison" */;
			buildPhases = (
				556D39721DD3AEA400551040 /* Sources */,
				556D39731DD3AEA400551040 /* Frameworks */,
				556D39741DD3AEA400551040 /* CopyFiles */,
			);
			buildRules = (
			);
			dependencies = (
			);
			name = VCFComparison;
			productName = VCFComparison;
			productReference = 556D39761DD3AEA400551040 /* VCFComparison */;
			productType = "com.apple.product-type.tool";
		};
/* End PBXNativeTarget section */

/* Begin PBXProject section */
		556D396E1DD3AEA400551040 /* Project object */ = {
			isa = PBXProject;
			attributes = {
				LastUpgradeCheck = 0810;
				ORGANIZATIONNAME = "Seven Bridges Genomics";
				TargetAttributes = {
					556D39751DD3AEA400551040 = {
						CreatedOnToolsVersion = 8.1;
						ProvisioningStyle = Automatic;
					};
				};
			};
			buildConfigurationList = 556D39711DD3AEA400551040 /* Build configuration list for PBXProject "VCFComparison" */;
			compatibilityVersion = "Xcode 3.2";
			developmentRegion = English;
			hasScannedForEncodings = 0;
			knownRegions = (
				en,
			);
			mainGroup = 556D396D1DD3AEA400551040;
			productRefGroup = 556D39771DD3AEA400551040 /* Products */;
			projectDirPath = "";
			projectRoot = "";
			targets = (
				556D39751DD3AEA400551040 /* VCFComparison */,
			);
		};
/* End PBXProject section */

/* Begin PBXSourcesBuildPhase section */
		556D39721DD3AEA400551040 /* Sources */ = {
			isa = PBXSourcesBuildPhase;
			buildActionMask = 2147483647;
			files = (
				558A41741E92EDA900575FA6 /* Makefile in Sources */,
				551661CB1E82C51B002436FA /* CVcfWriter.cpp in Sources */,
				553B0F861E36A2FE00E7186C /* README.md in Sources */,
				551661EE1E82E7D9002436FA /* CResultLog.cpp in Sources */,
				559BA2941E97D63F0018D734 /* CSplitOutputProvider.cpp in Sources */,
				551661EF1E82E7D9002436FA /* CVariantProvider.cpp in Sources */,
				551662191E82EBC5002436FA /* CVariant.cpp in Sources */,
				5516621E1E82F271002436FA /* test.cpp in Sources */,
				551661C91E82C51B002436FA /* CFastaParser.cpp in Sources */,
				551661F01E82E7D9002436FA /* CVcfAnalyzer.cpp in Sources */,
				551661DE1E82C967002436FA /* COrientedVariant.cpp in Sources */,
				551661FD1E82E8EB002436FA /* CMendelianTrioMerger.cpp in Sources */,
				551661FC1E82E8EB002436FA /* CMendelianAnalyzer.cpp in Sources */,
				551661FF1E82E8EB002436FA /* COverlappingVariantEliminator.cpp in Sources */,
				551661E21E82C967002436FA /* CSemiPath.cpp in Sources */,
				551661DD1E82C967002436FA /* CHaplotypeSequence.cpp in Sources */,
				551661DF1E82C967002436FA /* CPath.cpp in Sources */,
				550E1F601E8ABE8B00AEFB0B /* CMendelianResultLog.cpp in Sources */,
				551661ED1E82E7D9002436FA /* CGa4ghOutputProvider.cpp in Sources */,
				551661FE1E82E8EB002436FA /* CMendelianVariantProvider.cpp in Sources */,
				551661CA1E82C51B002436FA /* CVcfReader.cpp in Sources */,
				551661E01E82C967002436FA /* CPathReplay.cpp in Sources */,
				5516621D1E82F271002436FA /* main.cpp in Sources */,
				551661E11E82C967002436FA /* CPathSet.cpp in Sources */,
			);
			runOnlyForDeploymentPostprocessing = 0;
		};
/* End PBXSourcesBuildPhase section */

/* Begin XCBuildConfiguration section */
		556D397B1DD3AEA400551040 /* Debug */ = {
			isa = XCBuildConfiguration;
			buildSettings = {
				ALWAYS_SEARCH_USER_PATHS = NO;
				CLANG_ANALYZER_NONNULL = YES;
				CLANG_CXX_LANGUAGE_STANDARD = "gnu++0x";
				CLANG_CXX_LIBRARY = "libc++";
				CLANG_ENABLE_MODULES = YES;
				CLANG_ENABLE_OBJC_ARC = YES;
				CLANG_WARN_BOOL_CONVERSION = YES;
				CLANG_WARN_CONSTANT_CONVERSION = YES;
				CLANG_WARN_DIRECT_OBJC_ISA_USAGE = YES_ERROR;
				CLANG_WARN_DOCUMENTATION_COMMENTS = YES;
				CLANG_WARN_EMPTY_BODY = YES;
				CLANG_WARN_ENUM_CONVERSION = YES;
				CLANG_WARN_INFINITE_RECURSION = YES;
				CLANG_WARN_INT_CONVERSION = YES;
				CLANG_WARN_OBJC_ROOT_CLASS = YES_ERROR;
				CLANG_WARN_SUSPICIOUS_MOVES = YES;
				CLANG_WARN_UNREACHABLE_CODE = YES;
				CLANG_WARN__DUPLICATE_METHOD_MATCH = YES;
				CODE_SIGN_IDENTITY = "-";
				COPY_PHASE_STRIP = NO;
				DEBUG_INFORMATION_FORMAT = dwarf;
				ENABLE_STRICT_OBJC_MSGSEND = YES;
				ENABLE_TESTABILITY = YES;
				GCC_C_LANGUAGE_STANDARD = gnu99;
				GCC_DYNAMIC_NO_PIC = NO;
				GCC_NO_COMMON_BLOCKS = YES;
				GCC_OPTIMIZATION_LEVEL = 0;
				GCC_PREPROCESSOR_DEFINITIONS = (
					"DEBUG=1",
					"$(inherited)",
				);
				GCC_WARN_64_TO_32_BIT_CONVERSION = YES;
				GCC_WARN_ABOUT_RETURN_TYPE = YES_ERROR;
				GCC_WARN_UNDECLARED_SELECTOR = YES;
				GCC_WARN_UNINITIALIZED_AUTOS = YES_AGGRESSIVE;
				GCC_WARN_UNUSED_FUNCTION = YES;
				GCC_WARN_UNUSED_VARIABLE = YES;
				MACOSX_DEPLOYMENT_TARGET = 10.11;
				MTL_ENABLE_DEBUG_INFO = YES;
				ONLY_ACTIVE_ARCH = YES;
				SDKROOT = macosx;
			};
			name = Debug;
		};
		556D397C1DD3AEA400551040 /* Release */ = {
			isa = XCBuildConfiguration;
			buildSettings = {
				ALWAYS_SEARCH_USER_PATHS = NO;
				CLANG_ANALYZER_NONNULL = YES;
				CLANG_CXX_LANGUAGE_STANDARD = "gnu++0x";
				CLANG_CXX_LIBRARY = "libc++";
				CLANG_ENABLE_MODULES = YES;
				CLANG_ENABLE_OBJC_ARC = YES;
				CLANG_WARN_BOOL_CONVERSION = YES;
				CLANG_WARN_CONSTANT_CONVERSION = YES;
				CLANG_WARN_DIRECT_OBJC_ISA_USAGE = YES_ERROR;
				CLANG_WARN_DOCUMENTATION_COMMENTS = YES;
				CLANG_WARN_EMPTY_BODY = YES;
				CLANG_WARN_ENUM_CONVERSION = YES;
				CLANG_WARN_INFINITE_RECURSION = YES;
				CLANG_WARN_INT_CONVERSION = YES;
				CLANG_WARN_OBJC_ROOT_CLASS = YES_ERROR;
				CLANG_WARN_SUSPICIOUS_MOVES = YES;
				CLANG_WARN_UNREACHABLE_CODE = YES;
				CLANG_WARN__DUPLICATE_METHOD_MATCH = YES;
				CODE_SIGN_IDENTITY = "-";
				COPY_PHASE_STRIP = NO;
				DEBUG_INFORMATION_FORMAT = "dwarf-with-dsym";
				ENABLE_NS_ASSERTIONS = NO;
				ENABLE_STRICT_OBJC_MSGSEND = YES;
				GCC_C_LANGUAGE_STANDARD = gnu99;
				GCC_NO_COMMON_BLOCKS = YES;
				GCC_WARN_64_TO_32_BIT_CONVERSION = YES;
				GCC_WARN_ABOUT_RETURN_TYPE = YES_ERROR;
				GCC_WARN_UNDECLARED_SELECTOR = YES;
				GCC_WARN_UNINITIALIZED_AUTOS = YES_AGGRESSIVE;
				GCC_WARN_UNUSED_FUNCTION = YES;
				GCC_WARN_UNUSED_VARIABLE = YES;
				MACOSX_DEPLOYMENT_TARGET = 10.11;
				MTL_ENABLE_DEBUG_INFO = NO;
				SDKROOT = macosx;
			};
			name = Release;
		};
		556D397E1DD3AEA400551040 /* Debug */ = {
			isa = XCBuildConfiguration;
			buildSettings = {
				HEADER_SEARCH_PATHS = "$(PROJECT_DIR)";
				LIBRARY_SEARCH_PATHS = (
					"$(inherited)",
					"$(PROJECT_DIR)/lib",
				);
				PRODUCT_NAME = "$(TARGET_NAME)";
			};
			name = Debug;
		};
		556D397F1DD3AEA400551040 /* Release */ = {
			isa = XCBuildConfiguration;
			buildSettings = {
				HEADER_SEARCH_PATHS = "$(PROJECT_DIR)";
				LIBRARY_SEARCH_PATHS = (
					"$(inherited)",
					"$(PROJECT_DIR)/lib",
				);
				PRODUCT_NAME = "$(TARGET_NAME)";
			};
			name = Release;
		};
/* End XCBuildConfiguration section */

/* Begin XCConfigurationList section */
		556D39711DD3AEA400551040 /* Build configuration list for PBXProject "VCFComparison" */ = {
			isa = XCConfigurationList;
			buildConfigurations = (
				556D397B1DD3AEA400551040 /* Debug */,
				556D397C1DD3AEA400551040 /* Release */,
			);
			defaultConfigurationIsVisible = 0;
			defaultConfigurationName = Release;
		};
		556D397D1DD3AEA400551040 /* Build configuration list for PBXNativeTarget "VCFComparison" */ = {
			isa = XCConfigurationList;
			buildConfigurations = (
				556D397E1DD3AEA400551040 /* Debug */,
				556D397F1DD3AEA400551040 /* Release */,
			);
			defaultConfigurationIsVisible = 0;
			defaultConfigurationName = Release;
		};
/* End XCConfigurationList section */
	};
	rootObject = 556D396E1DD3AEA400551040 /* Project object */;
}
